
Microsoft Visual Studio Solution File, Format Version 12.00
# Visual Studio Version 16
VisualStudioVersion = 16.0.31702.278
MinimumVisualStudioVersion = 10.0.40219.1
Project("{FAE04EC0-301F-11D3-BF4B-00C04F79EFBC}") = "BooksApi", "BooksApi\BooksApi.csproj", "{044E20F8-1742-4D59-997D-928B101E51BE}"
EndProject
Global
	GlobalSection(SolutionConfigurationPlatforms) = preSolution
		Debug|Any CPU = Debug|Any CPU
		Release|Any CPU = Release|Any CPU
	EndGlobalSection
	GlobalSection(ProjectConfigurationPlatforms) = postSolution
		{044E20F8-1742-4D59-997D-928B101E51BE}.Debug|Any CPU.ActiveCfg = Debug|Any CPU
		{044E20F8-1742-4D59-997D-928B101E51BE}.Debug|Any CPU.Build.0 = Debug|Any CPU
		{044E20F8-1742-4D59-997D-928B101E51BE}.Release|Any CPU.ActiveCfg = Release|Any CPU
		{044E20F8-1742-4D59-997D-928B101E51BE}.Release|Any CPU.Build.0 = Release|Any CPU
	EndGlobalSection
	GlobalSection(SolutionProperties) = preSolution
		HideSolutionNode = FALSE
	EndGlobalSection
	GlobalSection(ExtensibilityGlobals) = postSolution
		SolutionGuid = {354B2A7F-E9BC-45DF-B310-1259C23F5A03}
	EndGlobalSection
EndGlobal
